// !$*UTF8*$!
{
	archiveVersion = 1;
	classes = {
	};
	objectVersion = 48;
	objects = {

/* Begin PBXBuildFile section */
		BF27F4CB2122FCEF00FCF6D9 /* AppDelegate.m in Sources */ = {isa = PBXBuildFile; fileRef = BF27F4CA2122FCEF00FCF6D9 /* AppDelegate.m */; };
		BF27F4CE2122FCEF00FCF6D9 /* ViewController.m in Sources */ = {isa = PBXBuildFile; fileRef = BF27F4CD2122FCEF00FCF6D9 /* ViewController.m */; };
		BF27F4D12122FCEF00FCF6D9 /* Main.storyboard in Resources */ = {isa = PBXBuildFile; fileRef = BF27F4CF2122FCEF00FCF6D9 /* Main.storyboard */; };
		BF27F4D32122FCEF00FCF6D9 /* Assets.xcassets in Resources */ = {isa = PBXBuildFile; fileRef = BF27F4D22122FCEF00FCF6D9 /* Assets.xcassets */; };
		BF27F4D62122FCEF00FCF6D9 /* LaunchScreen.storyboard in Resources */ = {isa = PBXBuildFile; fileRef = BF27F4D42122FCEF00FCF6D9 /* LaunchScreen.storyboard */; };
		BF27F4D92122FCEF00FCF6D9 /* main.m in Sources */ = {isa = PBXBuildFile; fileRef = BF27F4D82122FCEF00FCF6D9 /* main.m */; };
		BF27F4E12123220800FCF6D9 /* ZJSettingGroups.m in Sources */ = {isa = PBXBuildFile; fileRef = BF27F4E02123220800FCF6D9 /* ZJSettingGroups.m */; };
		BF27F4E52123276100FCF6D9 /* ZJEachSetting.m in Sources */ = {isa = PBXBuildFile; fileRef = BF27F4E42123276100FCF6D9 /* ZJEachSetting.m */; };
/* End PBXBuildFile section */

/* Begin PBXFileReference section */
		BF27F4C62122FCEF00FCF6D9 /* tableview.app */ = {isa = PBXFileReference; explicitFileType = wrapper.application; includeInIndex = 0; path = tableview.app; sourceTree = BUILT_PRODUCTS_DIR; };
		BF27F4C92122FCEF00FCF6D9 /* AppDelegate.h */ = {isa = PBXFileReference; lastKnownFileType = sourcecode.c.h; path = AppDelegate.h; sourceTree = "<group>"; };
		BF27F4CA2122FCEF00FCF6D9 /* AppDelegate.m */ = {isa = PBXFileReference; lastKnownFileType = sourcecode.c.objc; path = AppDelegate.m; sourceTree = "<group>"; };
		BF27F4CC2122FCEF00FCF6D9 /* ViewController.h */ = {isa = PBXFileReference; lastKnownFileType = sourcecode.c.h; path = ViewController.h; sourceTree = "<group>"; };
		BF27F4CD2122FCEF00FCF6D9 /* ViewController.m */ = {isa = PBXFileReference; lastKnownFileType = sourcecode.c.objc; path = ViewController.m; sourceTree = "<group>"; };
		BF27F4D02122FCEF00FCF6D9 /* Base */ = {isa = PBXFileReference; lastKnownFileType = file.storyboard; name = Base; path = Base.lproj/Main.storyboard; sourceTree = "<group>"; };
		BF27F4D22122FCEF00FCF6D9 /* Assets.xcassets */ = {isa = PBXFileReference; lastKnownFileType = folder.assetcatalog; path = Assets.xcassets; sourceTree = "<group>"; };
		BF27F4D52122FCEF00FCF6D9 /* Base */ = {isa = PBXFileReference; lastKnownFileType = file.storyboard; name = Base; path = Base.lproj/LaunchScreen.storyboard; sourceTree = "<group>"; };
		BF27F4D72122FCEF00FCF6D9 /* Info.plist */ = {isa = PBXFileReference; lastKnownFileType = text.plist.xml; path = Info.plist; sourceTree = "<group>"; };
		BF27F4D82122FCEF00FCF6D9 /* main.m */ = {isa = PBXFileReference; lastKnownFileType = sourcecode.c.objc; path = main.m; sourceTree = "<group>"; };
		BF27F4DF2123220800FCF6D9 /* ZJSettingGroups.h */ = {isa = PBXFileReference; lastKnownFileType = sourcecode.c.h; path = ZJSettingGroups.h; sourceTree = "<group>"; };
		BF27F4E02123220800FCF6D9 /* ZJSettingGroups.m */ = {isa = PBXFileReference; lastKnownFileType = sourcecode.c.objc; path = ZJSettingGroups.m; sourceTree = "<group>"; };
		BF27F4E32123276100FCF6D9 /* ZJEachSetting.h */ = {isa = PBXFileReference; lastKnownFileType = sourcecode.c.h; path = ZJEachSetting.h; sourceTree = "<group>"; };
		BF27F4E42123276100FCF6D9 /* ZJEachSetting.m */ = {isa = PBXFileReference; lastKnownFileType = sourcecode.c.objc; path = ZJEachSetting.m; sourceTree = "<group>"; };
/* End PBXFileReference section */

/* Begin PBXFrameworksBuildPhase section */
		BF27F4C32122FCEF00FCF6D9 /* Frameworks */ = {
			isa = PBXFrameworksBuildPhase;
			buildActionMask = 2147483647;
			files = (
			);
			runOnlyForDeploymentPostprocessing = 0;
		};
/* End PBXFrameworksBuildPhase section */

/* Begin PBXGroup section */
		BF27F4BD2122FCEF00FCF6D9 = {
			isa = PBXGroup;
			children = (
				BF27F4C82122FCEF00FCF6D9 /* tableview */,
				BF27F4C72122FCEF00FCF6D9 /* Products */,
			);
			sourceTree = "<group>";
		};
		BF27F4C72122FCEF00FCF6D9 /* Products */ = {
			isa = PBXGroup;
			children = (
				BF27F4C62122FCEF00FCF6D9 /* tableview.app */,
			);
			name = Products;
			sourceTree = "<group>";
		};
		BF27F4C82122FCEF00FCF6D9 /* tableview */ = {
			isa = PBXGroup;
			children = (
				BF27F4C92122FCEF00FCF6D9 /* AppDelegate.h */,
				BF27F4CA2122FCEF00FCF6D9 /* AppDelegate.m */,
				BF27F4E22123221D00FCF6D9 /* 模型 */,
				BF27F4CC2122FCEF00FCF6D9 /* ViewController.h */,
				BF27F4CD2122FCEF00FCF6D9 /* ViewController.m */,
				BF27F4CF2122FCEF00FCF6D9 /* Main.storyboard */,
				BF27F4D22122FCEF00FCF6D9 /* Assets.xcassets */,
				BF27F4D42122FCEF00FCF6D9 /* LaunchScreen.storyboard */,
				BF27F4D72122FCEF00FCF6D9 /* Info.plist */,
				BF27F4D82122FCEF00FCF6D9 /* main.m */,
			);
			path = tableview;
			sourceTree = "<group>";
		};
		BF27F4E22123221D00FCF6D9 /* 模型 */ = {
			isa = PBXGroup;
			children = (
				BF27F4DF2123220800FCF6D9 /* ZJSettingGroups.h */,
				BF27F4E02123220800FCF6D9 /* ZJSettingGroups.m */,
				BF27F4E32123276100FCF6D9 /* ZJEachSetting.h */,
				BF27F4E42123276100FCF6D9 /* ZJEachSetting.m */,
			);
			path = "模型";
			sourceTree = "<group>";
		};
/* End PBXGroup section */

/* Begin PBXNativeTarget section */
		BF27F4C52122FCEF00FCF6D9 /* tableview */ = {
			isa = PBXNativeTarget;
			buildConfigurationList = BF27F4DC2122FCEF00FCF6D9 /* Build configuration list for PBXNativeTarget "tableview" */;
			buildPhases = (
				BF27F4C22122FCEF00FCF6D9 /* Sources */,
				BF27F4C32122FCEF00FCF6D9 /* Frameworks */,
				BF27F4C42122FCEF00FCF6D9 /* Resources */,
			);
			buildRules = (
			);
			dependencies = (
			);
			name = tableview;
			productName = tableview;
			productReference = BF27F4C62122FCEF00FCF6D9 /* tableview.app */;
			productType = "com.apple.product-type.application";
		};
/* End PBXNativeTarget section */

/* Begin PBXProject section */
		BF27F4BE2122FCEF00FCF6D9 /* Project object */ = {
			isa = PBXProject;
			attributes = {
				LastUpgradeCheck = 0920;
				ORGANIZATIONNAME = zhangjun;
				TargetAttributes = {
					BF27F4C52122FCEF00FCF6D9 = {
						CreatedOnToolsVersion = 9.2;
						ProvisioningStyle = Automatic;
					};
				};
			};
			buildConfigurationList = BF27F4C12122FCEF00FCF6D9 /* Build configuration list for PBXProject "tableview" */;
			compatibilityVersion = "Xcode 8.0";
			developmentRegion = en;
			hasScannedForEncodings = 0;
			knownRegions = (
				en,
				Base,
			);
			mainGroup = BF27F4BD2122FCEF00FCF6D9;
			productRefGroup = BF27F4C72122FCEF00FCF6D9 /* Products */;
			projectDirPath = "";
			projectRoot = "";
			targets = (
				BF27F4C52122FCEF00FCF6D9 /* tableview */,
			);
		};
/* End PBXProject section */

/* Begin PBXResourcesBuildPhase section */
		BF27F4C42122FCEF00FCF6D9 /* Resources */ = {
			isa = PBXResourcesBuildPhase;
			buildActionMask = 2147483647;
			files = (
				BF27F4D62122FCEF00FCF6D9 /* LaunchScreen.storyboard in Resources */,
				BF27F4D32122FCEF00FCF6D9 /* Assets.xcassets in Resources */,
				BF27F4D12122FCEF00FCF6D9 /* Main.storyboard in Resources */,
			);
			runOnlyForDeploymentPostprocessing = 0;
		};
/* End PBXResourcesBuildPhase section */

/* Begin PBXSourcesBuildPhase section */
		BF27F4C22122FCEF00FCF6D9 /* Sources */ = {
			isa = PBXSourcesBuildPhase;
			buildActionMask = 2147483647;
			files = (
				BF27F4CE2122FCEF00FCF6D9 /* ViewController.m in Sources */,
				BF27F4D92122FCEF00FCF6D9 /* main.m in Sources */,
				BF27F4E12123220800FCF6D9 /* ZJSettingGroups.m in Sources */,
				BF27F4CB2122FCEF00FCF6D9 /* AppDelegate.m in Sources */,
				BF27F4E52123276100FCF6D9 /* ZJEachSetting.m in Sources */,
			);
			runOnlyForDeploymentPostprocessing = 0;
		};
/* End PBXSourcesBuildPhase section */

/* Begin PBXVariantGroup section */
		BF27F4CF2122FCEF00FCF6D9 /* Main.storyboard */ = {
			isa = PBXVariantGroup;
			children = (
				BF27F4D02122FCEF00FCF6D9 /* Base */,
			);
			name = Main.storyboard;
			sourceTree = "<group>";
		};
		BF27F4D42122FCEF00FCF6D9 /* LaunchScreen.storyboard */ = {
			isa = PBXVariantGroup;
			children = (
				BF27F4D52122FCEF00FCF6D9 /* Base */,
			);
			name = LaunchScreen.storyboard;
			sourceTree = "<group>";
		};
/* End PBXVariantGroup section */

/* Begin XCBuildConfiguration section */
		BF27F4DA2122FCEF00FCF6D9 /* Debug */ = {
			isa = XCBuildConfiguration;
			buildSettings = {
				ALWAYS_SEARCH_USER_PATHS = NO;
				CLANG_ANALYZER_NONNULL = YES;
				CLANG_ANALYZER_NUMBER_OBJECT_CONVERSION = YES_AGGRESSIVE;
				CLANG_CXX_LANGUAGE_STANDARD = "gnu++14";
				CLANG_CXX_LIBRARY = "libc++";
				CLANG_ENABLE_MODULES = YES;
				CLANG_ENABLE_OBJC_ARC = YES;
				CLANG_WARN_BLOCK_CAPTURE_AUTORELEASING = YES;
				CLANG_WARN_BOOL_CONVERSION = YES;
				CLANG_WARN_COMMA = YES;
				CLANG_WARN_CONSTANT_CONVERSION = YES;
				CLANG_WARN_DIRECT_OBJC_ISA_USAGE = YES_ERROR;
				CLANG_WARN_DOCUMENTATION_COMMENTS = YES;
				CLANG_WARN_EMPTY_BODY = YES;
				CLANG_WARN_ENUM_CONVERSION = YES;
				CLANG_WARN_INFINITE_RECURSION = YES;
				CLANG_WARN_INT_CONVERSION = YES;
				CLANG_WARN_NON_LITERAL_NULL_CONVERSION = YES;
				CLANG_WARN_OBJC_LITERAL_CONVERSION = YES;
				CLANG_WARN_OBJC_ROOT_CLASS = YES_ERROR;
				CLANG_WARN_RANGE_LOOP_ANALYSIS = YES;
				CLANG_WARN_STRICT_PROTOTYPES = YES;
				CLANG_WARN_SUSPICIOUS_MOVE = YES;
				CLANG_WARN_UNGUARDED_AVAILABILITY = YES_AGGRESSIVE;
				CLANG_WARN_UNREACHABLE_CODE = YES;
				CLANG_WARN__DUPLICATE_METHOD_MATCH = YES;
				CODE_SIGN_IDENTITY = "iPhone Developer";
				COPY_PHASE_STRIP = NO;
				DEBUG_INFORMATION_FORMAT = dwarf;
				ENABLE_STRICT_OBJC_MSGSEND = YES;
				ENABLE_TESTABILITY = YES;
				GCC_C_LANGUAGE_STANDARD = gnu11;
				GCC_DYNAMIC_NO_PIC = NO;
				GCC_NO_COMMON_BLOCKS = YES;
				GCC_OPTIMIZATION_LEVEL = 0;
				GCC_PREPROCESSOR_DEFINITIONS = (
					"DEBUG=1",
					"$(inherited)",
				);
				GCC_WARN_64_TO_32_BIT_CONVERSION = YES;
				GCC_WARN_ABOUT_RETURN_TYPE = YES_ERROR;
				GCC_WARN_UNDECLARED_SELECTOR = YES;
				GCC_WARN_UNINITIALIZED_AUTOS = YES_AGGRESSIVE;
				GCC_WARN_UNUSED_FUNCTION = YES;
				GCC_WARN_UNUSED_VARIABLE = YES;
				IPHONEOS_DEPLOYMENT_TARGET = 11.2;
				MTL_ENABLE_DEBUG_INFO = YES;
				ONLY_ACTIVE_ARCH = YES;
				SDKROOT = iphoneos;
			};
			name = Debug;
		};
		BF27F4DB2122FCEF00FCF6D9 /* Release */ = {
			isa = XCBuildConfiguration;
			buildSettings = {
				ALWAYS_SEARCH_USER_PATHS = NO;
				CLANG_ANALYZER_NONNULL = YES;
				CLANG_ANALYZER_NUMBER_OBJECT_CONVERSION = YES_AGGRESSIVE;
				CLANG_CXX_LANGUAGE_STANDARD = "gnu++14";
				CLANG_CXX_LIBRARY = "libc++";
				CLANG_ENABLE_MODULES = YES;
				CLANG_ENABLE_OBJC_ARC = YES;
				CLANG_WARN_BLOCK_CAPTURE_AUTORELEASING = YES;
				CLANG_WARN_BOOL_CONVERSION = YES;
				CLANG_WARN_COMMA = YES;
				CLANG_WARN_CONSTANT_CONVERSION = YES;
				CLANG_WARN_DIRECT_OBJC_ISA_USAGE = YES_ERROR;
				CLANG_WARN_DOCUMENTATION_COMMENTS = YES;
				CLANG_WARN_EMPTY_BODY = YES;
				CLANG_WARN_ENUM_CONVERSION = YES;
				CLANG_WARN_INFINITE_RECURSION = YES;
				CLANG_WARN_INT_CONVERSION = YES;
				CLANG_WARN_NON_LITERAL_NULL_CONVERSION = YES;
				CLANG_WARN_OBJC_LITERAL_CONVERSION = YES;
				CLANG_WARN_OBJC_ROOT_CLASS = YES_ERROR;
				CLANG_WARN_RANGE_LOOP_ANALYSIS = YES;
				CLANG_WARN_STRICT_PROTOTYPES = YES;
				CLANG_WARN_SUSPICIOUS_MOVE = YES;
				CLANG_WARN_UNGUARDED_AVAILABILITY = YES_AGGRESSIVE;
				CLANG_WARN_UNREACHABLE_CODE = YES;
				CLANG_WARN__DUPLICATE_METHOD_MATCH = YES;
				CODE_SIGN_IDENTITY = "iPhone Developer";
				COPY_PHASE_STRIP = NO;
				DEBUG_INFORMATION_FORMAT = "dwarf-with-dsym";
				ENABLE_NS_ASSERTIONS = NO;
				ENABLE_STRICT_OBJC_MSGSEND = YES;
				GCC_C_LANGUAGE_STANDARD = gnu11;
				GCC_NO_COMMON_BLOCKS = YES;
				GCC_WARN_64_TO_32_BIT_CONVERSION = YES;
				GCC_WARN_ABOUT_RETURN_TYPE = YES_ERROR;
				GCC_WARN_UNDECLARED_SELECTOR = YES;
				GCC_WARN_UNINITIALIZED_AUTOS = YES_AGGRESSIVE;
				GCC_WARN_UNUSED_FUNCTION = YES;
				GCC_WARN_UNUSED_VARIABLE = YES;
				IPHONEOS_DEPLOYMENT_TARGET = 11.2;
				MTL_ENABLE_DEBUG_INFO = NO;
				SDKROOT = iphoneos;
				VALIDATE_PRODUCT = YES;
			};
			name = Release;
		};
		BF27F4DD2122FCEF00FCF6D9 /* Debug */ = {
			isa = XCBuildConfiguration;
			buildSettings = {
				ASSETCATALOG_COMPILER_APPICON_NAME = AppIcon;
				CODE_SIGN_STYLE = Automatic;
				INFOPLIST_FILE = tableview/Info.plist;
				LD_RUNPATH_SEARCH_PATHS = "$(inherited) @executable_path/Frameworks";
				PRODUCT_BUNDLE_IDENTIFIER = junzhang.tableview;
				PRODUCT_NAME = "$(TARGET_NAME)";
				TARGETED_DEVICE_FAMILY = "1,2";
			};
			name = Debug;
		};
		BF27F4DE2122FCEF00FCF6D9 /* Release */ = {
			isa = XCBuildConfiguration;
			buildSettings = {
				ASSETCATALOG_COMPILER_APPICON_NAME = AppIcon;
				CODE_SIGN_STYLE = Automatic;
				INFOPLIST_FILE = tableview/Info.plist;
				LD_RUNPATH_SEARCH_PATHS = "$(inherited) @executable_path/Frameworks";
				PRODUCT_BUNDLE_IDENTIFIER = junzhang.tableview;
				PRODUCT_NAME = "$(TARGET_NAME)";
				TARGETED_DEVICE_FAMILY = "1,2";
			};
			name = Release;
		};
/* End XCBuildConfiguration section */

/* Begin XCConfigurationList section */
		BF27F4C12122FCEF00FCF6D9 /* Build configuration list for PBXProject "tableview" */ = {
			isa = XCConfigurationList;
			buildConfigurations = (
				BF27F4DA2122FCEF00FCF6D9 /* Debug */,
				BF27F4DB2122FCEF00FCF6D9 /* Release */,
			);
			defaultConfigurationIsVisible = 0;
			defaultConfigurationName = Release;
		};
		BF27F4DC2122FCEF00FCF6D9 /* Build configuration list for PBXNativeTarget "tableview" */ = {
			isa = XCConfigurationList;
			buildConfigurations = (
				BF27F4DD2122FCEF00FCF6D9 /* Debug */,
				BF27F4DE2122FCEF00FCF6D9 /* Release */,
			);
			defaultConfigurationIsVisible = 0;
			defaultConfigurationName = Release;
		};
/* End XCConfigurationList section */
	};
	rootObject = BF27F4BE2122FCEF00FCF6D9 /* Project object */;
}
