// !$*UTF8*$!
{
	archiveVersion = 1;
	classes = {
	};
	objectVersion = 48;
	objects = {

/* Begin PBXBuildFile section */
		BFAEE686211F3B2B00EDF746 /* AppDelegate.m in Sources */ = {isa = PBXBuildFile; fileRef = BFAEE685211F3B2B00EDF746 /* AppDelegate.m */; };
		BFAEE689211F3B2B00EDF746 /* ZJViewController.m in Sources */ = {isa = PBXBuildFile; fileRef = BFAEE688211F3B2B00EDF746 /* ZJViewController.m */; };
		BFAEE68C211F3B2B00EDF746 /* Main.storyboard in Resources */ = {isa = PBXBuildFile; fileRef = BFAEE68A211F3B2B00EDF746 /* Main.storyboard */; };
		BFAEE68E211F3B2B00EDF746 /* Assets.xcassets in Resources */ = {isa = PBXBuildFile; fileRef = BFAEE68D211F3B2B00EDF746 /* Assets.xcassets */; };
		BFAEE691211F3B2B00EDF746 /* LaunchScreen.storyboard in Resources */ = {isa = PBXBuildFile; fileRef = BFAEE68F211F3B2B00EDF746 /* LaunchScreen.storyboard */; };
		BFAEE694211F3B2B00EDF746 /* main.m in Sources */ = {isa = PBXBuildFile; fileRef = BFAEE693211F3B2B00EDF746 /* main.m */; };
		BFAEE69B211F45B200EDF746 /* shopdata.plist in Resources */ = {isa = PBXBuildFile; fileRef = BFAEE69A211F45B200EDF746 /* shopdata.plist */; };
		BFAEE6A1211F497D00EDF746 /* ZJShop.m in Sources */ = {isa = PBXBuildFile; fileRef = BFAEE6A0211F497D00EDF746 /* ZJShop.m */; };
		BFAEE6A4211F4B9300EDF746 /* ZJShopView.m in Sources */ = {isa = PBXBuildFile; fileRef = BFAEE6A3211F4B9300EDF746 /* ZJShopView.m */; };
/* End PBXBuildFile section */

/* Begin PBXFileReference section */
		BFAEE681211F3B2B00EDF746 /* 购物车实战.app */ = {isa = PBXFileReference; explicitFileType = wrapper.application; includeInIndex = 0; path = "购物车实战.app"; sourceTree = BUILT_PRODUCTS_DIR; };
		BFAEE684211F3B2B00EDF746 /* AppDelegate.h */ = {isa = PBXFileReference; lastKnownFileType = sourcecode.c.h; path = AppDelegate.h; sourceTree = "<group>"; };
		BFAEE685211F3B2B00EDF746 /* AppDelegate.m */ = {isa = PBXFileReference; lastKnownFileType = sourcecode.c.objc; path = AppDelegate.m; sourceTree = "<group>"; };
		BFAEE687211F3B2B00EDF746 /* ZJViewController.h */ = {isa = PBXFileReference; lastKnownFileType = sourcecode.c.h; path = ZJViewController.h; sourceTree = "<group>"; };
		BFAEE688211F3B2B00EDF746 /* ZJViewController.m */ = {isa = PBXFileReference; lastKnownFileType = sourcecode.c.objc; path = ZJViewController.m; sourceTree = "<group>"; };
		BFAEE68B211F3B2B00EDF746 /* Base */ = {isa = PBXFileReference; lastKnownFileType = file.storyboard; name = Base; path = Base.lproj/Main.storyboard; sourceTree = "<group>"; };
		BFAEE68D211F3B2B00EDF746 /* Assets.xcassets */ = {isa = PBXFileReference; lastKnownFileType = folder.assetcatalog; path = Assets.xcassets; sourceTree = "<group>"; };
		BFAEE690211F3B2B00EDF746 /* Base */ = {isa = PBXFileReference; lastKnownFileType = file.storyboard; name = Base; path = Base.lproj/LaunchScreen.storyboard; sourceTree = "<group>"; };
		BFAEE692211F3B2B00EDF746 /* Info.plist */ = {isa = PBXFileReference; lastKnownFileType = text.plist.xml; path = Info.plist; sourceTree = "<group>"; };
		BFAEE693211F3B2B00EDF746 /* main.m */ = {isa = PBXFileReference; lastKnownFileType = sourcecode.c.objc; path = main.m; sourceTree = "<group>"; };
		BFAEE69A211F45B200EDF746 /* shopdata.plist */ = {isa = PBXFileReference; fileEncoding = 4; lastKnownFileType = text.plist.xml; path = shopdata.plist; sourceTree = "<group>"; };
		BFAEE69F211F497D00EDF746 /* ZJShop.h */ = {isa = PBXFileReference; lastKnownFileType = sourcecode.c.h; path = ZJShop.h; sourceTree = "<group>"; };
		BFAEE6A0211F497D00EDF746 /* ZJShop.m */ = {isa = PBXFileReference; lastKnownFileType = sourcecode.c.objc; path = ZJShop.m; sourceTree = "<group>"; };
		BFAEE6A2211F4B9300EDF746 /* ZJShopView.h */ = {isa = PBXFileReference; lastKnownFileType = sourcecode.c.h; path = ZJShopView.h; sourceTree = "<group>"; };
		BFAEE6A3211F4B9300EDF746 /* ZJShopView.m */ = {isa = PBXFileReference; lastKnownFileType = sourcecode.c.objc; path = ZJShopView.m; sourceTree = "<group>"; };
/* End PBXFileReference section */

/* Begin PBXFrameworksBuildPhase section */
		BFAEE67E211F3B2B00EDF746 /* Frameworks */ = {
			isa = PBXFrameworksBuildPhase;
			buildActionMask = 2147483647;
			files = (
			);
			runOnlyForDeploymentPostprocessing = 0;
		};
/* End PBXFrameworksBuildPhase section */

/* Begin PBXGroup section */
		BFAEE678211F3B2B00EDF746 = {
			isa = PBXGroup;
			children = (
				BFAEE683211F3B2B00EDF746 /* 购物车实战 */,
				BFAEE682211F3B2B00EDF746 /* Products */,
			);
			sourceTree = "<group>";
		};
		BFAEE682211F3B2B00EDF746 /* Products */ = {
			isa = PBXGroup;
			children = (
				BFAEE681211F3B2B00EDF746 /* 购物车实战.app */,
			);
			name = Products;
			sourceTree = "<group>";
		};
		BFAEE683211F3B2B00EDF746 /* 购物车实战 */ = {
			isa = PBXGroup;
			children = (
				BFAEE684211F3B2B00EDF746 /* AppDelegate.h */,
				BFAEE685211F3B2B00EDF746 /* AppDelegate.m */,
				BFAEE687211F3B2B00EDF746 /* ZJViewController.h */,
				BFAEE688211F3B2B00EDF746 /* ZJViewController.m */,
				BFAEE6A2211F4B9300EDF746 /* ZJShopView.h */,
				BFAEE6A3211F4B9300EDF746 /* ZJShopView.m */,
				BFAEE69F211F497D00EDF746 /* ZJShop.h */,
				BFAEE6A0211F497D00EDF746 /* ZJShop.m */,
				BFAEE68A211F3B2B00EDF746 /* Main.storyboard */,
				BFAEE68D211F3B2B00EDF746 /* Assets.xcassets */,
				BFAEE68F211F3B2B00EDF746 /* LaunchScreen.storyboard */,
				BFAEE69A211F45B200EDF746 /* shopdata.plist */,
				BFAEE692211F3B2B00EDF746 /* Info.plist */,
				BFAEE693211F3B2B00EDF746 /* main.m */,
			);
			path = "购物车实战";
			sourceTree = "<group>";
		};
/* End PBXGroup section */

/* Begin PBXNativeTarget section */
		BFAEE680211F3B2B00EDF746 /* 购物车实战 */ = {
			isa = PBXNativeTarget;
			buildConfigurationList = BFAEE697211F3B2B00EDF746 /* Build configuration list for PBXNativeTarget "购物车实战" */;
			buildPhases = (
				BFAEE67D211F3B2B00EDF746 /* Sources */,
				BFAEE67E211F3B2B00EDF746 /* Frameworks */,
				BFAEE67F211F3B2B00EDF746 /* Resources */,
			);
			buildRules = (
			);
			dependencies = (
			);
			name = "购物车实战";
			productName = "购物车实战";
			productReference = BFAEE681211F3B2B00EDF746 /* 购物车实战.app */;
			productType = "com.apple.product-type.application";
		};
/* End PBXNativeTarget section */

/* Begin PBXProject section */
		BFAEE679211F3B2B00EDF746 /* Project object */ = {
			isa = PBXProject;
			attributes = {
				LastUpgradeCheck = 0920;
				ORGANIZATIONNAME = zhangjun;
				TargetAttributes = {
					BFAEE680211F3B2B00EDF746 = {
						CreatedOnToolsVersion = 9.2;
						ProvisioningStyle = Automatic;
					};
				};
			};
			buildConfigurationList = BFAEE67C211F3B2B00EDF746 /* Build configuration list for PBXProject "购物车实战" */;
			compatibilityVersion = "Xcode 8.0";
			developmentRegion = en;
			hasScannedForEncodings = 0;
			knownRegions = (
				en,
				Base,
			);
			mainGroup = BFAEE678211F3B2B00EDF746;
			productRefGroup = BFAEE682211F3B2B00EDF746 /* Products */;
			projectDirPath = "";
			projectRoot = "";
			targets = (
				BFAEE680211F3B2B00EDF746 /* 购物车实战 */,
			);
		};
/* End PBXProject section */

/* Begin PBXResourcesBuildPhase section */
		BFAEE67F211F3B2B00EDF746 /* Resources */ = {
			isa = PBXResourcesBuildPhase;
			buildActionMask = 2147483647;
			files = (
				BFAEE69B211F45B200EDF746 /* shopdata.plist in Resources */,
				BFAEE691211F3B2B00EDF746 /* LaunchScreen.storyboard in Resources */,
				BFAEE68E211F3B2B00EDF746 /* Assets.xcassets in Resources */,
				BFAEE68C211F3B2B00EDF746 /* Main.storyboard in Resources */,
			);
			runOnlyForDeploymentPostprocessing = 0;
		};
/* End PBXResourcesBuildPhase section */

/* Begin PBXSourcesBuildPhase section */
		BFAEE67D211F3B2B00EDF746 /* Sources */ = {
			isa = PBXSourcesBuildPhase;
			buildActionMask = 2147483647;
			files = (
				BFAEE689211F3B2B00EDF746 /* ZJViewController.m in Sources */,
				BFAEE694211F3B2B00EDF746 /* main.m in Sources */,
				BFAEE6A1211F497D00EDF746 /* ZJShop.m in Sources */,
				BFAEE686211F3B2B00EDF746 /* AppDelegate.m in Sources */,
				BFAEE6A4211F4B9300EDF746 /* ZJShopView.m in Sources */,
			);
			runOnlyForDeploymentPostprocessing = 0;
		};
/* End PBXSourcesBuildPhase section */

/* Begin PBXVariantGroup section */
		BFAEE68A211F3B2B00EDF746 /* Main.storyboard */ = {
			isa = PBXVariantGroup;
			children = (
				BFAEE68B211F3B2B00EDF746 /* Base */,
			);
			name = Main.storyboard;
			sourceTree = "<group>";
		};
		BFAEE68F211F3B2B00EDF746 /* LaunchScreen.storyboard */ = {
			isa = PBXVariantGroup;
			children = (
				BFAEE690211F3B2B00EDF746 /* Base */,
			);
			name = LaunchScreen.storyboard;
			sourceTree = "<group>";
		};
/* End PBXVariantGroup section */

/* Begin XCBuildConfiguration section */
		BFAEE695211F3B2B00EDF746 /* Debug */ = {
			isa = XCBuildConfiguration;
			buildSettings = {
				ALWAYS_SEARCH_USER_PATHS = NO;
				CLANG_ANALYZER_NONNULL = YES;
				CLANG_ANALYZER_NUMBER_OBJECT_CONVERSION = YES_AGGRESSIVE;
				CLANG_CXX_LANGUAGE_STANDARD = "gnu++14";
				CLANG_CXX_LIBRARY = "libc++";
				CLANG_ENABLE_MODULES = YES;
				CLANG_ENABLE_OBJC_ARC = YES;
				CLANG_WARN_BLOCK_CAPTURE_AUTORELEASING = YES;
				CLANG_WARN_BOOL_CONVERSION = YES;
				CLANG_WARN_COMMA = YES;
				CLANG_WARN_CONSTANT_CONVERSION = YES;
				CLANG_WARN_DIRECT_OBJC_ISA_USAGE = YES_ERROR;
				CLANG_WARN_DOCUMENTATION_COMMENTS = YES;
				CLANG_WARN_EMPTY_BODY = YES;
				CLANG_WARN_ENUM_CONVERSION = YES;
				CLANG_WARN_INFINITE_RECURSION = YES;
				CLANG_WARN_INT_CONVERSION = YES;
				CLANG_WARN_NON_LITERAL_NULL_CONVERSION = YES;
				CLANG_WARN_OBJC_LITERAL_CONVERSION = YES;
				CLANG_WARN_OBJC_ROOT_CLASS = YES_ERROR;
				CLANG_WARN_RANGE_LOOP_ANALYSIS = YES;
				CLANG_WARN_STRICT_PROTOTYPES = YES;
				CLANG_WARN_SUSPICIOUS_MOVE = YES;
				CLANG_WARN_UNGUARDED_AVAILABILITY = YES_AGGRESSIVE;
				CLANG_WARN_UNREACHABLE_CODE = YES;
				CLANG_WARN__DUPLICATE_METHOD_MATCH = YES;
				CODE_SIGN_IDENTITY = "iPhone Developer";
				COPY_PHASE_STRIP = NO;
				DEBUG_INFORMATION_FORMAT = dwarf;
				ENABLE_STRICT_OBJC_MSGSEND = YES;
				ENABLE_TESTABILITY = YES;
				GCC_C_LANGUAGE_STANDARD = gnu11;
				GCC_DYNAMIC_NO_PIC = NO;
				GCC_NO_COMMON_BLOCKS = YES;
				GCC_OPTIMIZATION_LEVEL = 0;
				GCC_PREPROCESSOR_DEFINITIONS = (
					"DEBUG=1",
					"$(inherited)",
				);
				GCC_WARN_64_TO_32_BIT_CONVERSION = YES;
				GCC_WARN_ABOUT_RETURN_TYPE = YES_ERROR;
				GCC_WARN_UNDECLARED_SELECTOR = YES;
				GCC_WARN_UNINITIALIZED_AUTOS = YES_AGGRESSIVE;
				GCC_WARN_UNUSED_FUNCTION = YES;
				GCC_WARN_UNUSED_VARIABLE = YES;
				IPHONEOS_DEPLOYMENT_TARGET = 11.2;
				MTL_ENABLE_DEBUG_INFO = YES;
				ONLY_ACTIVE_ARCH = YES;
				SDKROOT = iphoneos;
			};
			name = Debug;
		};
		BFAEE696211F3B2B00EDF746 /* Release */ = {
			isa = XCBuildConfiguration;
			buildSettings = {
				ALWAYS_SEARCH_USER_PATHS = NO;
				CLANG_ANALYZER_NONNULL = YES;
				CLANG_ANALYZER_NUMBER_OBJECT_CONVERSION = YES_AGGRESSIVE;
				CLANG_CXX_LANGUAGE_STANDARD = "gnu++14";
				CLANG_CXX_LIBRARY = "libc++";
				CLANG_ENABLE_MODULES = YES;
				CLANG_ENABLE_OBJC_ARC = YES;
				CLANG_WARN_BLOCK_CAPTURE_AUTORELEASING = YES;
				CLANG_WARN_BOOL_CONVERSION = YES;
				CLANG_WARN_COMMA = YES;
				CLANG_WARN_CONSTANT_CONVERSION = YES;
				CLANG_WARN_DIRECT_OBJC_ISA_USAGE = YES_ERROR;
				CLANG_WARN_DOCUMENTATION_COMMENTS = YES;
				CLANG_WARN_EMPTY_BODY = YES;
				CLANG_WARN_ENUM_CONVERSION = YES;
				CLANG_WARN_INFINITE_RECURSION = YES;
				CLANG_WARN_INT_CONVERSION = YES;
				CLANG_WARN_NON_LITERAL_NULL_CONVERSION = YES;
				CLANG_WARN_OBJC_LITERAL_CONVERSION = YES;
				CLANG_WARN_OBJC_ROOT_CLASS = YES_ERROR;
				CLANG_WARN_RANGE_LOOP_ANALYSIS = YES;
				CLANG_WARN_STRICT_PROTOTYPES = YES;
				CLANG_WARN_SUSPICIOUS_MOVE = YES;
				CLANG_WARN_UNGUARDED_AVAILABILITY = YES_AGGRESSIVE;
				CLANG_WARN_UNREACHABLE_CODE = YES;
				CLANG_WARN__DUPLICATE_METHOD_MATCH = YES;
				CODE_SIGN_IDENTITY = "iPhone Developer";
				COPY_PHASE_STRIP = NO;
				DEBUG_INFORMATION_FORMAT = "dwarf-with-dsym";
				ENABLE_NS_ASSERTIONS = NO;
				ENABLE_STRICT_OBJC_MSGSEND = YES;
				GCC_C_LANGUAGE_STANDARD = gnu11;
				GCC_NO_COMMON_BLOCKS = YES;
				GCC_WARN_64_TO_32_BIT_CONVERSION = YES;
				GCC_WARN_ABOUT_RETURN_TYPE = YES_ERROR;
				GCC_WARN_UNDECLARED_SELECTOR = YES;
				GCC_WARN_UNINITIALIZED_AUTOS = YES_AGGRESSIVE;
				GCC_WARN_UNUSED_FUNCTION = YES;
				GCC_WARN_UNUSED_VARIABLE = YES;
				IPHONEOS_DEPLOYMENT_TARGET = 11.2;
				MTL_ENABLE_DEBUG_INFO = NO;
				SDKROOT = iphoneos;
				VALIDATE_PRODUCT = YES;
			};
			name = Release;
		};
		BFAEE698211F3B2B00EDF746 /* Debug */ = {
			isa = XCBuildConfiguration;
			buildSettings = {
				ASSETCATALOG_COMPILER_APPICON_NAME = AppIcon;
				CODE_SIGN_STYLE = Automatic;
				INFOPLIST_FILE = "购物车实战/Info.plist";
				LD_RUNPATH_SEARCH_PATHS = "$(inherited) @executable_path/Frameworks";
				PRODUCT_BUNDLE_IDENTIFIER = "junzhang.-----";
				PRODUCT_NAME = "$(TARGET_NAME)";
				TARGETED_DEVICE_FAMILY = "1,2";
			};
			name = Debug;
		};
		BFAEE699211F3B2B00EDF746 /* Release */ = {
			isa = XCBuildConfiguration;
			buildSettings = {
				ASSETCATALOG_COMPILER_APPICON_NAME = AppIcon;
				CODE_SIGN_STYLE = Automatic;
				INFOPLIST_FILE = "购物车实战/Info.plist";
				LD_RUNPATH_SEARCH_PATHS = "$(inherited) @executable_path/Frameworks";
				PRODUCT_BUNDLE_IDENTIFIER = "junzhang.-----";
				PRODUCT_NAME = "$(TARGET_NAME)";
				TARGETED_DEVICE_FAMILY = "1,2";
			};
			name = Release;
		};
/* End XCBuildConfiguration section */

/* Begin XCConfigurationList section */
		BFAEE67C211F3B2B00EDF746 /* Build configuration list for PBXProject "购物车实战" */ = {
			isa = XCConfigurationList;
			buildConfigurations = (
				BFAEE695211F3B2B00EDF746 /* Debug */,
				BFAEE696211F3B2B00EDF746 /* Release */,
			);
			defaultConfigurationIsVisible = 0;
			defaultConfigurationName = Release;
		};
		BFAEE697211F3B2B00EDF746 /* Build configuration list for PBXNativeTarget "购物车实战" */ = {
			isa = XCConfigurationList;
			buildConfigurations = (
				BFAEE698211F3B2B00EDF746 /* Debug */,
				BFAEE699211F3B2B00EDF746 /* Release */,
			);
			defaultConfigurationIsVisible = 0;
			defaultConfigurationName = Release;
		};
/* End XCConfigurationList section */
	};
	rootObject = BFAEE679211F3B2B00EDF746 /* Project object */;
}
