// !$*UTF8*$!
{
	archiveVersion = 1;
	classes = {
	};
	objectVersion = 48;
	objects = {

/* Begin PBXBuildFile section */
		BF5128A22125065F003F7F15 /* AppDelegate.m in Sources */ = {isa = PBXBuildFile; fileRef = BF5128A12125065F003F7F15 /* AppDelegate.m */; };
		BF5128A52125065F003F7F15 /* ViewController.m in Sources */ = {isa = PBXBuildFile; fileRef = BF5128A42125065F003F7F15 /* ViewController.m */; };
		BF5128A82125065F003F7F15 /* Main.storyboard in Resources */ = {isa = PBXBuildFile; fileRef = BF5128A62125065F003F7F15 /* Main.storyboard */; };
		BF5128AA2125065F003F7F15 /* Assets.xcassets in Resources */ = {isa = PBXBuildFile; fileRef = BF5128A92125065F003F7F15 /* Assets.xcassets */; };
		BF5128AD2125065F003F7F15 /* LaunchScreen.storyboard in Resources */ = {isa = PBXBuildFile; fileRef = BF5128AB2125065F003F7F15 /* LaunchScreen.storyboard */; };
		BF5128B02125065F003F7F15 /* main.m in Sources */ = {isa = PBXBuildFile; fileRef = BF5128AF2125065F003F7F15 /* main.m */; };
		BF5128BA21250B57003F7F15 /* TwoViewController.m in Sources */ = {isa = PBXBuildFile; fileRef = BF5128B921250B57003F7F15 /* TwoViewController.m */; };
/* End PBXBuildFile section */

/* Begin PBXFileReference section */
		BF51289D2125065F003F7F15 /* 导航栏控制器.app */ = {isa = PBXFileReference; explicitFileType = wrapper.application; includeInIndex = 0; path = "导航栏控制器.app"; sourceTree = BUILT_PRODUCTS_DIR; };
		BF5128A02125065F003F7F15 /* AppDelegate.h */ = {isa = PBXFileReference; lastKnownFileType = sourcecode.c.h; path = AppDelegate.h; sourceTree = "<group>"; };
		BF5128A12125065F003F7F15 /* AppDelegate.m */ = {isa = PBXFileReference; lastKnownFileType = sourcecode.c.objc; path = AppDelegate.m; sourceTree = "<group>"; };
		BF5128A32125065F003F7F15 /* ViewController.h */ = {isa = PBXFileReference; lastKnownFileType = sourcecode.c.h; path = ViewController.h; sourceTree = "<group>"; };
		BF5128A42125065F003F7F15 /* ViewController.m */ = {isa = PBXFileReference; lastKnownFileType = sourcecode.c.objc; path = ViewController.m; sourceTree = "<group>"; };
		BF5128A72125065F003F7F15 /* Base */ = {isa = PBXFileReference; lastKnownFileType = file.storyboard; name = Base; path = Base.lproj/Main.storyboard; sourceTree = "<group>"; };
		BF5128A92125065F003F7F15 /* Assets.xcassets */ = {isa = PBXFileReference; lastKnownFileType = folder.assetcatalog; path = Assets.xcassets; sourceTree = "<group>"; };
		BF5128AC2125065F003F7F15 /* Base */ = {isa = PBXFileReference; lastKnownFileType = file.storyboard; name = Base; path = Base.lproj/LaunchScreen.storyboard; sourceTree = "<group>"; };
		BF5128AE2125065F003F7F15 /* Info.plist */ = {isa = PBXFileReference; lastKnownFileType = text.plist.xml; path = Info.plist; sourceTree = "<group>"; };
		BF5128AF2125065F003F7F15 /* main.m */ = {isa = PBXFileReference; lastKnownFileType = sourcecode.c.objc; path = main.m; sourceTree = "<group>"; };
		BF5128B821250B57003F7F15 /* TwoViewController.h */ = {isa = PBXFileReference; lastKnownFileType = sourcecode.c.h; path = TwoViewController.h; sourceTree = "<group>"; };
		BF5128B921250B57003F7F15 /* TwoViewController.m */ = {isa = PBXFileReference; lastKnownFileType = sourcecode.c.objc; path = TwoViewController.m; sourceTree = "<group>"; };
/* End PBXFileReference section */

/* Begin PBXFrameworksBuildPhase section */
		BF51289A2125065F003F7F15 /* Frameworks */ = {
			isa = PBXFrameworksBuildPhase;
			buildActionMask = 2147483647;
			files = (
			);
			runOnlyForDeploymentPostprocessing = 0;
		};
/* End PBXFrameworksBuildPhase section */

/* Begin PBXGroup section */
		BF5128942125065F003F7F15 = {
			isa = PBXGroup;
			children = (
				BF51289F2125065F003F7F15 /* 导航栏控制器 */,
				BF51289E2125065F003F7F15 /* Products */,
			);
			sourceTree = "<group>";
		};
		BF51289E2125065F003F7F15 /* Products */ = {
			isa = PBXGroup;
			children = (
				BF51289D2125065F003F7F15 /* 导航栏控制器.app */,
			);
			name = Products;
			sourceTree = "<group>";
		};
		BF51289F2125065F003F7F15 /* 导航栏控制器 */ = {
			isa = PBXGroup;
			children = (
				BF5128A02125065F003F7F15 /* AppDelegate.h */,
				BF5128A12125065F003F7F15 /* AppDelegate.m */,
				BF5128A32125065F003F7F15 /* ViewController.h */,
				BF5128A42125065F003F7F15 /* ViewController.m */,
				BF5128A62125065F003F7F15 /* Main.storyboard */,
				BF5128B821250B57003F7F15 /* TwoViewController.h */,
				BF5128B921250B57003F7F15 /* TwoViewController.m */,
				BF5128A92125065F003F7F15 /* Assets.xcassets */,
				BF5128AB2125065F003F7F15 /* LaunchScreen.storyboard */,
				BF5128AE2125065F003F7F15 /* Info.plist */,
				BF5128AF2125065F003F7F15 /* main.m */,
			);
			path = "导航栏控制器";
			sourceTree = "<group>";
		};
/* End PBXGroup section */

/* Begin PBXNativeTarget section */
		BF51289C2125065F003F7F15 /* 导航栏控制器 */ = {
			isa = PBXNativeTarget;
			buildConfigurationList = BF5128B32125065F003F7F15 /* Build configuration list for PBXNativeTarget "导航栏控制器" */;
			buildPhases = (
				BF5128992125065F003F7F15 /* Sources */,
				BF51289A2125065F003F7F15 /* Frameworks */,
				BF51289B2125065F003F7F15 /* Resources */,
			);
			buildRules = (
			);
			dependencies = (
			);
			name = "导航栏控制器";
			productName = "导航栏控制器";
			productReference = BF51289D2125065F003F7F15 /* 导航栏控制器.app */;
			productType = "com.apple.product-type.application";
		};
/* End PBXNativeTarget section */

/* Begin PBXProject section */
		BF5128952125065F003F7F15 /* Project object */ = {
			isa = PBXProject;
			attributes = {
				LastUpgradeCheck = 0920;
				ORGANIZATIONNAME = zhangjun;
				TargetAttributes = {
					BF51289C2125065F003F7F15 = {
						CreatedOnToolsVersion = 9.2;
						ProvisioningStyle = Automatic;
					};
				};
			};
			buildConfigurationList = BF5128982125065F003F7F15 /* Build configuration list for PBXProject "导航栏控制器" */;
			compatibilityVersion = "Xcode 8.0";
			developmentRegion = en;
			hasScannedForEncodings = 0;
			knownRegions = (
				en,
				Base,
			);
			mainGroup = BF5128942125065F003F7F15;
			productRefGroup = BF51289E2125065F003F7F15 /* Products */;
			projectDirPath = "";
			projectRoot = "";
			targets = (
				BF51289C2125065F003F7F15 /* 导航栏控制器 */,
			);
		};
/* End PBXProject section */

/* Begin PBXResourcesBuildPhase section */
		BF51289B2125065F003F7F15 /* Resources */ = {
			isa = PBXResourcesBuildPhase;
			buildActionMask = 2147483647;
			files = (
				BF5128AD2125065F003F7F15 /* LaunchScreen.storyboard in Resources */,
				BF5128AA2125065F003F7F15 /* Assets.xcassets in Resources */,
				BF5128A82125065F003F7F15 /* Main.storyboard in Resources */,
			);
			runOnlyForDeploymentPostprocessing = 0;
		};
/* End PBXResourcesBuildPhase section */

/* Begin PBXSourcesBuildPhase section */
		BF5128992125065F003F7F15 /* Sources */ = {
			isa = PBXSourcesBuildPhase;
			buildActionMask = 2147483647;
			files = (
				BF5128A52125065F003F7F15 /* ViewController.m in Sources */,
				BF5128B02125065F003F7F15 /* main.m in Sources */,
				BF5128A22125065F003F7F15 /* AppDelegate.m in Sources */,
				BF5128BA21250B57003F7F15 /* TwoViewController.m in Sources */,
			);
			runOnlyForDeploymentPostprocessing = 0;
		};
/* End PBXSourcesBuildPhase section */

/* Begin PBXVariantGroup section */
		BF5128A62125065F003F7F15 /* Main.storyboard */ = {
			isa = PBXVariantGroup;
			children = (
				BF5128A72125065F003F7F15 /* Base */,
			);
			name = Main.storyboard;
			sourceTree = "<group>";
		};
		BF5128AB2125065F003F7F15 /* LaunchScreen.storyboard */ = {
			isa = PBXVariantGroup;
			children = (
				BF5128AC2125065F003F7F15 /* Base */,
			);
			name = LaunchScreen.storyboard;
			sourceTree = "<group>";
		};
/* End PBXVariantGroup section */

/* Begin XCBuildConfiguration section */
		BF5128B12125065F003F7F15 /* Debug */ = {
			isa = XCBuildConfiguration;
			buildSettings = {
				ALWAYS_SEARCH_USER_PATHS = NO;
				CLANG_ANALYZER_NONNULL = YES;
				CLANG_ANALYZER_NUMBER_OBJECT_CONVERSION = YES_AGGRESSIVE;
				CLANG_CXX_LANGUAGE_STANDARD = "gnu++14";
				CLANG_CXX_LIBRARY = "libc++";
				CLANG_ENABLE_MODULES = YES;
				CLANG_ENABLE_OBJC_ARC = YES;
				CLANG_WARN_BLOCK_CAPTURE_AUTORELEASING = YES;
				CLANG_WARN_BOOL_CONVERSION = YES;
				CLANG_WARN_COMMA = YES;
				CLANG_WARN_CONSTANT_CONVERSION = YES;
				CLANG_WARN_DIRECT_OBJC_ISA_USAGE = YES_ERROR;
				CLANG_WARN_DOCUMENTATION_COMMENTS = YES;
				CLANG_WARN_EMPTY_BODY = YES;
				CLANG_WARN_ENUM_CONVERSION = YES;
				CLANG_WARN_INFINITE_RECURSION = YES;
				CLANG_WARN_INT_CONVERSION = YES;
				CLANG_WARN_NON_LITERAL_NULL_CONVERSION = YES;
				CLANG_WARN_OBJC_LITERAL_CONVERSION = YES;
				CLANG_WARN_OBJC_ROOT_CLASS = YES_ERROR;
				CLANG_WARN_RANGE_LOOP_ANALYSIS = YES;
				CLANG_WARN_STRICT_PROTOTYPES = YES;
				CLANG_WARN_SUSPICIOUS_MOVE = YES;
				CLANG_WARN_UNGUARDED_AVAILABILITY = YES_AGGRESSIVE;
				CLANG_WARN_UNREACHABLE_CODE = YES;
				CLANG_WARN__DUPLICATE_METHOD_MATCH = YES;
				CODE_SIGN_IDENTITY = "iPhone Developer";
				COPY_PHASE_STRIP = NO;
				DEBUG_INFORMATION_FORMAT = dwarf;
				ENABLE_STRICT_OBJC_MSGSEND = YES;
				ENABLE_TESTABILITY = YES;
				GCC_C_LANGUAGE_STANDARD = gnu11;
				GCC_DYNAMIC_NO_PIC = NO;
				GCC_NO_COMMON_BLOCKS = YES;
				GCC_OPTIMIZATION_LEVEL = 0;
				GCC_PREPROCESSOR_DEFINITIONS = (
					"DEBUG=1",
					"$(inherited)",
				);
				GCC_WARN_64_TO_32_BIT_CONVERSION = YES;
				GCC_WARN_ABOUT_RETURN_TYPE = YES_ERROR;
				GCC_WARN_UNDECLARED_SELECTOR = YES;
				GCC_WARN_UNINITIALIZED_AUTOS = YES_AGGRESSIVE;
				GCC_WARN_UNUSED_FUNCTION = YES;
				GCC_WARN_UNUSED_VARIABLE = YES;
				IPHONEOS_DEPLOYMENT_TARGET = 11.2;
				MTL_ENABLE_DEBUG_INFO = YES;
				ONLY_ACTIVE_ARCH = YES;
				SDKROOT = iphoneos;
			};
			name = Debug;
		};
		BF5128B22125065F003F7F15 /* Release */ = {
			isa = XCBuildConfiguration;
			buildSettings = {
				ALWAYS_SEARCH_USER_PATHS = NO;
				CLANG_ANALYZER_NONNULL = YES;
				CLANG_ANALYZER_NUMBER_OBJECT_CONVERSION = YES_AGGRESSIVE;
				CLANG_CXX_LANGUAGE_STANDARD = "gnu++14";
				CLANG_CXX_LIBRARY = "libc++";
				CLANG_ENABLE_MODULES = YES;
				CLANG_ENABLE_OBJC_ARC = YES;
				CLANG_WARN_BLOCK_CAPTURE_AUTORELEASING = YES;
				CLANG_WARN_BOOL_CONVERSION = YES;
				CLANG_WARN_COMMA = YES;
				CLANG_WARN_CONSTANT_CONVERSION = YES;
				CLANG_WARN_DIRECT_OBJC_ISA_USAGE = YES_ERROR;
				CLANG_WARN_DOCUMENTATION_COMMENTS = YES;
				CLANG_WARN_EMPTY_BODY = YES;
				CLANG_WARN_ENUM_CONVERSION = YES;
				CLANG_WARN_INFINITE_RECURSION = YES;
				CLANG_WARN_INT_CONVERSION = YES;
				CLANG_WARN_NON_LITERAL_NULL_CONVERSION = YES;
				CLANG_WARN_OBJC_LITERAL_CONVERSION = YES;
				CLANG_WARN_OBJC_ROOT_CLASS = YES_ERROR;
				CLANG_WARN_RANGE_LOOP_ANALYSIS = YES;
				CLANG_WARN_STRICT_PROTOTYPES = YES;
				CLANG_WARN_SUSPICIOUS_MOVE = YES;
				CLANG_WARN_UNGUARDED_AVAILABILITY = YES_AGGRESSIVE;
				CLANG_WARN_UNREACHABLE_CODE = YES;
				CLANG_WARN__DUPLICATE_METHOD_MATCH = YES;
				CODE_SIGN_IDENTITY = "iPhone Developer";
				COPY_PHASE_STRIP = NO;
				DEBUG_INFORMATION_FORMAT = "dwarf-with-dsym";
				ENABLE_NS_ASSERTIONS = NO;
				ENABLE_STRICT_OBJC_MSGSEND = YES;
				GCC_C_LANGUAGE_STANDARD = gnu11;
				GCC_NO_COMMON_BLOCKS = YES;
				GCC_WARN_64_TO_32_BIT_CONVERSION = YES;
				GCC_WARN_ABOUT_RETURN_TYPE = YES_ERROR;
				GCC_WARN_UNDECLARED_SELECTOR = YES;
				GCC_WARN_UNINITIALIZED_AUTOS = YES_AGGRESSIVE;
				GCC_WARN_UNUSED_FUNCTION = YES;
				GCC_WARN_UNUSED_VARIABLE = YES;
				IPHONEOS_DEPLOYMENT_TARGET = 11.2;
				MTL_ENABLE_DEBUG_INFO = NO;
				SDKROOT = iphoneos;
				VALIDATE_PRODUCT = YES;
			};
			name = Release;
		};
		BF5128B42125065F003F7F15 /* Debug */ = {
			isa = XCBuildConfiguration;
			buildSettings = {
				ASSETCATALOG_COMPILER_APPICON_NAME = AppIcon;
				CODE_SIGN_STYLE = Automatic;
				INFOPLIST_FILE = "导航栏控制器/Info.plist";
				LD_RUNPATH_SEARCH_PATHS = "$(inherited) @executable_path/Frameworks";
				PRODUCT_BUNDLE_IDENTIFIER = "junzhang.------";
				PRODUCT_NAME = "$(TARGET_NAME)";
				TARGETED_DEVICE_FAMILY = "1,2";
			};
			name = Debug;
		};
		BF5128B52125065F003F7F15 /* Release */ = {
			isa = XCBuildConfiguration;
			buildSettings = {
				ASSETCATALOG_COMPILER_APPICON_NAME = AppIcon;
				CODE_SIGN_STYLE = Automatic;
				INFOPLIST_FILE = "导航栏控制器/Info.plist";
				LD_RUNPATH_SEARCH_PATHS = "$(inherited) @executable_path/Frameworks";
				PRODUCT_BUNDLE_IDENTIFIER = "junzhang.------";
				PRODUCT_NAME = "$(TARGET_NAME)";
				TARGETED_DEVICE_FAMILY = "1,2";
			};
			name = Release;
		};
/* End XCBuildConfiguration section */

/* Begin XCConfigurationList section */
		BF5128982125065F003F7F15 /* Build configuration list for PBXProject "导航栏控制器" */ = {
			isa = XCConfigurationList;
			buildConfigurations = (
				BF5128B12125065F003F7F15 /* Debug */,
				BF5128B22125065F003F7F15 /* Release */,
			);
			defaultConfigurationIsVisible = 0;
			defaultConfigurationName = Release;
		};
		BF5128B32125065F003F7F15 /* Build configuration list for PBXNativeTarget "导航栏控制器" */ = {
			isa = XCConfigurationList;
			buildConfigurations = (
				BF5128B42125065F003F7F15 /* Debug */,
				BF5128B52125065F003F7F15 /* Release */,
			);
			defaultConfigurationIsVisible = 0;
			defaultConfigurationName = Release;
		};
/* End XCConfigurationList section */
	};
	rootObject = BF5128952125065F003F7F15 /* Project object */;
}
